
Microsoft Visual Studio Solution File, Format Version 12.00
# Visual Studio 14
VisualStudioVersion = 14.0.22725.0
MinimumVisualStudioVersion = 10.0.40219.1
Project("{FAE04EC0-301F-11D3-BF4B-00C04F79EFBC}") = "PackageReaders", "PackageReaders\PackageReaders.csproj", "{F8671423-04DB-419E-80C7-BA5E4676162E}"
EndProject
Global
	GlobalSection(SolutionConfigurationPlatforms) = preSolution
		Debug|Any CPU = Debug|Any CPU
		Release|Any CPU = Release|Any CPU
	EndGlobalSection
	GlobalSection(ProjectConfigurationPlatforms) = postSolution
		{F8671423-04DB-419E-80C7-BA5E4676162E}.Debug|Any CPU.ActiveCfg = Debug|Any CPU
		{F8671423-04DB-419E-80C7-BA5E4676162E}.Debug|Any CPU.Build.0 = Debug|Any CPU
		{F8671423-04DB-419E-80C7-BA5E4676162E}.Release|Any CPU.ActiveCfg = Release|Any CPU
		{F8671423-04DB-419E-80C7-BA5E4676162E}.Release|Any CPU.Build.0 = Release|Any CPU
	EndGlobalSection
	GlobalSection(SolutionProperties) = preSolution
		HideSolutionNode = FALSE
	EndGlobalSection
EndGlobal
