
Microsoft Visual Studio Solution File, Format Version 12.00
# Visual Studio 14
VisualStudioVersion = 14.0.25123.0
MinimumVisualStudioVersion = 10.0.40219.1
Project("{FAE04EC0-301F-11D3-BF4B-00C04F79EFBC}") = "NuGetServerV3Tests", "NuGetServerV3Tests\NuGetServerV3Tests.csproj", "{ACC70119-660E-4F5E-AB4C-3665DCCB494E}"
EndProject
Project("{FAE04EC0-301F-11D3-BF4B-00C04F79EFBC}") = "CatalogIndexReader", "CatalogIndexReader\CatalogIndexReader.csproj", "{1BFB9435-2E14-4C87-AFD4-B67124558463}"
EndProject
Project("{FAE04EC0-301F-11D3-BF4B-00C04F79EFBC}") = "PackagesConfigGenerator", "PackagesConfigGenerator\PackagesConfigGenerator.csproj", "{AE46D1C4-9935-49F5-B38B-96DBF4DD533A}"
EndProject
Global
	GlobalSection(SolutionConfigurationPlatforms) = preSolution
		Debug|Any CPU = Debug|Any CPU
		Release|Any CPU = Release|Any CPU
	EndGlobalSection
	GlobalSection(ProjectConfigurationPlatforms) = postSolution
		{ACC70119-660E-4F5E-AB4C-3665DCCB494E}.Debug|Any CPU.ActiveCfg = Debug|Any CPU
		{ACC70119-660E-4F5E-AB4C-3665DCCB494E}.Debug|Any CPU.Build.0 = Debug|Any CPU
		{ACC70119-660E-4F5E-AB4C-3665DCCB494E}.Release|Any CPU.ActiveCfg = Release|Any CPU
		{ACC70119-660E-4F5E-AB4C-3665DCCB494E}.Release|Any CPU.Build.0 = Release|Any CPU
		{1BFB9435-2E14-4C87-AFD4-B67124558463}.Debug|Any CPU.ActiveCfg = Debug|Any CPU
		{1BFB9435-2E14-4C87-AFD4-B67124558463}.Debug|Any CPU.Build.0 = Debug|Any CPU
		{1BFB9435-2E14-4C87-AFD4-B67124558463}.Release|Any CPU.ActiveCfg = Release|Any CPU
		{1BFB9435-2E14-4C87-AFD4-B67124558463}.Release|Any CPU.Build.0 = Release|Any CPU
		{AE46D1C4-9935-49F5-B38B-96DBF4DD533A}.Debug|Any CPU.ActiveCfg = Debug|Any CPU
		{AE46D1C4-9935-49F5-B38B-96DBF4DD533A}.Debug|Any CPU.Build.0 = Debug|Any CPU
		{AE46D1C4-9935-49F5-B38B-96DBF4DD533A}.Release|Any CPU.ActiveCfg = Release|Any CPU
		{AE46D1C4-9935-49F5-B38B-96DBF4DD533A}.Release|Any CPU.Build.0 = Release|Any CPU
	EndGlobalSection
	GlobalSection(SolutionProperties) = preSolution
		HideSolutionNode = FALSE
	EndGlobalSection
	GlobalSection(ExtensibilityGlobals) = postSolution
		EnterpriseLibraryConfigurationToolBinariesPathV6 = packages\EnterpriseLibrary.TransientFaultHandling.6.0.1304.0\lib\portable-net45+win+wp8;packages\EnterpriseLibrary.TransientFaultHandling.Data.6.0.1304.1\lib\NET45
	EndGlobalSection
EndGlobal
