
Microsoft Visual Studio Solution File, Format Version 12.00
# Visual Studio 15
VisualStudioVersion = 15.0.28307.168
MinimumVisualStudioVersion = 10.0.40219.1
Project("{FAE04EC0-301F-11D3-BF4B-00C04F79EFBC}") = "PackagesConfigGenerator", "PackagesConfigGenerator\PackagesConfigGenerator.csproj", "{722C1CDB-0521-43E4-96ED-CAFEB49E9109}"
EndProject
Global
	GlobalSection(SolutionConfigurationPlatforms) = preSolution
		Debug|Any CPU = Debug|Any CPU
		Release|Any CPU = Release|Any CPU
	EndGlobalSection
	GlobalSection(ProjectConfigurationPlatforms) = postSolution
		{722C1CDB-0521-43E4-96ED-CAFEB49E9109}.Debug|Any CPU.ActiveCfg = Debug|Any CPU
		{722C1CDB-0521-43E4-96ED-CAFEB49E9109}.Debug|Any CPU.Build.0 = Debug|Any CPU
		{722C1CDB-0521-43E4-96ED-CAFEB49E9109}.Release|Any CPU.ActiveCfg = Release|Any CPU
		{722C1CDB-0521-43E4-96ED-CAFEB49E9109}.Release|Any CPU.Build.0 = Release|Any CPU
	EndGlobalSection
	GlobalSection(SolutionProperties) = preSolution
		HideSolutionNode = FALSE
	EndGlobalSection
	GlobalSection(ExtensibilityGlobals) = postSolution
		SolutionGuid = {1D088205-8B6D-4358-B8B1-0F71345E4274}
	EndGlobalSection
EndGlobal
